
Microsoft Visual Studio Solution File, Format Version 12.00
# Visual Studio 15
VisualStudioVersion = 15.0.26430.4
MinimumVisualStudioVersion = 10.0.40219.1
Project("{FAE04EC0-301F-11D3-BF4B-00C04F79EFBC}") = "DroneLander.Android", "DroneLander\DroneLander.Android\DroneLander.Android.csproj", "{747888D4-1097-491B-A6D0-C54A24251EAD}"
EndProject
Project("{FAE04EC0-301F-11D3-BF4B-00C04F79EFBC}") = "DroneLander", "DroneLander\DroneLander\DroneLander.csproj", "{E88BE0F4-1534-45CF-A0ED-F3F3470D8B3A}"
EndProject
Project("{FAE04EC0-301F-11D3-BF4B-00C04F79EFBC}") = "DroneLander.UWP", "DroneLander\DroneLander.UWP\DroneLander.UWP.csproj", "{9B476322-B4DA-48BE-A41B-3B71367680B0}"
EndProject
Project("{FAE04EC0-301F-11D3-BF4B-00C04F79EFBC}") = "DroneLander.iOS", "DroneLander\DroneLander.iOS\DroneLander.iOS.csproj", "{E1B0D478-4032-415F-811D-C247CBD60CC5}"
EndProject
Global
	GlobalSection(SolutionConfigurationPlatforms) = preSolution
		Ad-Hoc|Any CPU = Ad-Hoc|Any CPU
		Ad-Hoc|ARM = Ad-Hoc|ARM
		Ad-Hoc|iPhone = Ad-Hoc|iPhone
		Ad-Hoc|iPhoneSimulator = Ad-Hoc|iPhoneSimulator
		Ad-Hoc|x64 = Ad-Hoc|x64
		Ad-Hoc|x86 = Ad-Hoc|x86
		AppStore|Any CPU = AppStore|Any CPU
		AppStore|ARM = AppStore|ARM
		AppStore|iPhone = AppStore|iPhone
		AppStore|iPhoneSimulator = AppStore|iPhoneSimulator
		AppStore|x64 = AppStore|x64
		AppStore|x86 = AppStore|x86
		Debug|Any CPU = Debug|Any CPU
		Debug|ARM = Debug|ARM
		Debug|iPhone = Debug|iPhone
		Debug|iPhoneSimulator = Debug|iPhoneSimulator
		Debug|x64 = Debug|x64
		Debug|x86 = Debug|x86
		Release|Any CPU = Release|Any CPU
		Release|ARM = Release|ARM
		Release|iPhone = Release|iPhone
		Release|iPhoneSimulator = Release|iPhoneSimulator
		Release|x64 = Release|x64
		Release|x86 = Release|x86
	EndGlobalSection
	GlobalSection(ProjectConfigurationPlatforms) = postSolution
		{747888D4-1097-491B-A6D0-C54A24251EAD}.Ad-Hoc|Any CPU.ActiveCfg = Release|Any CPU
		{747888D4-1097-491B-A6D0-C54A24251EAD}.Ad-Hoc|Any CPU.Build.0 = Release|Any CPU
		{747888D4-1097-491B-A6D0-C54A24251EAD}.Ad-Hoc|Any CPU.Deploy.0 = Release|Any CPU
		{747888D4-1097-491B-A6D0-C54A24251EAD}.Ad-Hoc|ARM.ActiveCfg = Release|Any CPU
		{747888D4-1097-491B-A6D0-C54A24251EAD}.Ad-Hoc|ARM.Build.0 = Release|Any CPU
		{747888D4-1097-491B-A6D0-C54A24251EAD}.Ad-Hoc|ARM.Deploy.0 = Release|Any CPU
		{747888D4-1097-491B-A6D0-C54A24251EAD}.Ad-Hoc|iPhone.ActiveCfg = Release|Any CPU
		{747888D4-1097-491B-A6D0-C54A24251EAD}.Ad-Hoc|iPhone.Build.0 = Release|Any CPU
		{747888D4-1097-491B-A6D0-C54A24251EAD}.Ad-Hoc|iPhone.Deploy.0 = Release|Any CPU
		{747888D4-1097-491B-A6D0-C54A24251EAD}.Ad-Hoc|iPhoneSimulator.ActiveCfg = Release|Any CPU
		{747888D4-1097-491B-A6D0-C54A24251EAD}.Ad-Hoc|iPhoneSimulator.Build.0 = Release|Any CPU
		{747888D4-1097-491B-A6D0-C54A24251EAD}.Ad-Hoc|iPhoneSimulator.Deploy.0 = Release|Any CPU
		{747888D4-1097-491B-A6D0-C54A24251EAD}.Ad-Hoc|x64.ActiveCfg = Release|Any CPU
		{747888D4-1097-491B-A6D0-C54A24251EAD}.Ad-Hoc|x64.Build.0 = Release|Any CPU
		{747888D4-1097-491B-A6D0-C54A24251EAD}.Ad-Hoc|x64.Deploy.0 = Release|Any CPU
		{747888D4-1097-491B-A6D0-C54A24251EAD}.Ad-Hoc|x86.ActiveCfg = Release|Any CPU
		{747888D4-1097-491B-A6D0-C54A24251EAD}.Ad-Hoc|x86.Build.0 = Release|Any CPU
		{747888D4-1097-491B-A6D0-C54A24251EAD}.Ad-Hoc|x86.Deploy.0 = Release|Any CPU
		{747888D4-1097-491B-A6D0-C54A24251EAD}.AppStore|Any CPU.ActiveCfg = Release|Any CPU
		{747888D4-1097-491B-A6D0-C54A24251EAD}.AppStore|Any CPU.Build.0 = Release|Any CPU
		{747888D4-1097-491B-A6D0-C54A24251EAD}.AppStore|Any CPU.Deploy.0 = Release|Any CPU
		{747888D4-1097-491B-A6D0-C54A24251EAD}.AppStore|ARM.ActiveCfg = Release|Any CPU
		{747888D4-1097-491B-A6D0-C54A24251EAD}.AppStore|ARM.Build.0 = Release|Any CPU
		{747888D4-1097-491B-A6D0-C54A24251EAD}.AppStore|ARM.Deploy.0 = Release|Any CPU
		{747888D4-1097-491B-A6D0-C54A24251EAD}.AppStore|iPhone.ActiveCfg = Release|Any CPU
		{747888D4-1097-491B-A6D0-C54A24251EAD}.AppStore|iPhone.Build.0 = Release|Any CPU
		{747888D4-1097-491B-A6D0-C54A24251EAD}.AppStore|iPhone.Deploy.0 = Release|Any CPU
		{747888D4-1097-491B-A6D0-C54A24251EAD}.AppStore|iPhoneSimulator.ActiveCfg = Release|Any CPU
		{747888D4-1097-491B-A6D0-C54A24251EAD}.AppStore|iPhoneSimulator.Build.0 = Release|Any CPU
		{747888D4-1097-491B-A6D0-C54A24251EAD}.AppStore|iPhoneSimulator.Deploy.0 = Release|Any CPU
		{747888D4-1097-491B-A6D0-C54A24251EAD}.AppStore|x64.ActiveCfg = Release|Any CPU
		{747888D4-1097-491B-A6D0-C54A24251EAD}.AppStore|x64.Build.0 = Release|Any CPU
		{747888D4-1097-491B-A6D0-C54A24251EAD}.AppStore|x64.Deploy.0 = Release|Any CPU
		{747888D4-1097-491B-A6D0-C54A24251EAD}.AppStore|x86.ActiveCfg = Release|Any CPU
		{747888D4-1097-491B-A6D0-C54A24251EAD}.AppStore|x86.Build.0 = Release|Any CPU
		{747888D4-1097-491B-A6D0-C54A24251EAD}.AppStore|x86.Deploy.0 = Release|Any CPU
		{747888D4-1097-491B-A6D0-C54A24251EAD}.Debug|Any CPU.ActiveCfg = Debug|Any CPU
		{747888D4-1097-491B-A6D0-C54A24251EAD}.Debug|Any CPU.Build.0 = Debug|Any CPU
		{747888D4-1097-491B-A6D0-C54A24251EAD}.Debug|Any CPU.Deploy.0 = Debug|Any CPU
		{747888D4-1097-491B-A6D0-C54A24251EAD}.Debug|ARM.ActiveCfg = Debug|Any CPU
		{747888D4-1097-491B-A6D0-C54A24251EAD}.Debug|ARM.Build.0 = Debug|Any CPU
		{747888D4-1097-491B-A6D0-C54A24251EAD}.Debug|ARM.Deploy.0 = Debug|Any CPU
		{747888D4-1097-491B-A6D0-C54A24251EAD}.Debug|iPhone.ActiveCfg = Debug|Any CPU
		{747888D4-1097-491B-A6D0-C54A24251EAD}.Debug|iPhone.Build.0 = Debug|Any CPU
		{747888D4-1097-491B-A6D0-C54A24251EAD}.Debug|iPhone.Deploy.0 = Debug|Any CPU
		{747888D4-1097-491B-A6D0-C54A24251EAD}.Debug|iPhoneSimulator.ActiveCfg = Debug|Any CPU
		{747888D4-1097-491B-A6D0-C54A24251EAD}.Debug|iPhoneSimulator.Build.0 = Debug|Any CPU
		{747888D4-1097-491B-A6D0-C54A24251EAD}.Debug|iPhoneSimulator.Deploy.0 = Debug|Any CPU
		{747888D4-1097-491B-A6D0-C54A24251EAD}.Debug|x64.ActiveCfg = Debug|Any CPU
		{747888D4-1097-491B-A6D0-C54A24251EAD}.Debug|x64.Build.0 = Debug|Any CPU
		{747888D4-1097-491B-A6D0-C54A24251EAD}.Debug|x64.Deploy.0 = Debug|Any CPU
		{747888D4-1097-491B-A6D0-C54A24251EAD}.Debug|x86.ActiveCfg = Debug|Any CPU
		{747888D4-1097-491B-A6D0-C54A24251EAD}.Debug|x86.Build.0 = Debug|Any CPU
		{747888D4-1097-491B-A6D0-C54A24251EAD}.Debug|x86.Deploy.0 = Debug|Any CPU
		{747888D4-1097-491B-A6D0-C54A24251EAD}.Release|Any CPU.ActiveCfg = Release|Any CPU
		{747888D4-1097-491B-A6D0-C54A24251EAD}.Release|Any CPU.Build.0 = Release|Any CPU
		{747888D4-1097-491B-A6D0-C54A24251EAD}.Release|Any CPU.Deploy.0 = Release|Any CPU
		{747888D4-1097-491B-A6D0-C54A24251EAD}.Release|ARM.ActiveCfg = Release|Any CPU
		{747888D4-1097-491B-A6D0-C54A24251EAD}.Release|ARM.Build.0 = Release|Any CPU
		{747888D4-1097-491B-A6D0-C54A24251EAD}.Release|ARM.Deploy.0 = Release|Any CPU
		{747888D4-1097-491B-A6D0-C54A24251EAD}.Release|iPhone.ActiveCfg = Release|Any CPU
		{747888D4-1097-491B-A6D0-C54A24251EAD}.Release|iPhone.Build.0 = Release|Any CPU
		{747888D4-1097-491B-A6D0-C54A24251EAD}.Release|iPhone.Deploy.0 = Release|Any CPU
		{747888D4-1097-491B-A6D0-C54A24251EAD}.Release|iPhoneSimulator.ActiveCfg = Release|Any CPU
		{747888D4-1097-491B-A6D0-C54A24251EAD}.Release|iPhoneSimulator.Build.0 = Release|Any CPU
		{747888D4-1097-491B-A6D0-C54A24251EAD}.Release|iPhoneSimulator.Deploy.0 = Release|Any CPU
		{747888D4-1097-491B-A6D0-C54A24251EAD}.Release|x64.ActiveCfg = Release|Any CPU
		{747888D4-1097-491B-A6D0-C54A24251EAD}.Release|x64.Build.0 = Release|Any CPU
		{747888D4-1097-491B-A6D0-C54A24251EAD}.Release|x64.Deploy.0 = Release|Any CPU
		{747888D4-1097-491B-A6D0-C54A24251EAD}.Release|x86.ActiveCfg = Release|Any CPU
		{747888D4-1097-491B-A6D0-C54A24251EAD}.Release|x86.Build.0 = Release|Any CPU
		{747888D4-1097-491B-A6D0-C54A24251EAD}.Release|x86.Deploy.0 = Release|Any CPU
		{E88BE0F4-1534-45CF-A0ED-F3F3470D8B3A}.Ad-Hoc|Any CPU.ActiveCfg = Release|Any CPU
		{E88BE0F4-1534-45CF-A0ED-F3F3470D8B3A}.Ad-Hoc|Any CPU.Build.0 = Release|Any CPU
		{E88BE0F4-1534-45CF-A0ED-F3F3470D8B3A}.Ad-Hoc|ARM.ActiveCfg = Release|Any CPU
		{E88BE0F4-1534-45CF-A0ED-F3F3470D8B3A}.Ad-Hoc|ARM.Build.0 = Release|Any CPU
		{E88BE0F4-1534-45CF-A0ED-F3F3470D8B3A}.Ad-Hoc|iPhone.ActiveCfg = Release|Any CPU
		{E88BE0F4-1534-45CF-A0ED-F3F3470D8B3A}.Ad-Hoc|iPhone.Build.0 = Release|Any CPU
		{E88BE0F4-1534-45CF-A0ED-F3F3470D8B3A}.Ad-Hoc|iPhoneSimulator.ActiveCfg = Release|Any CPU
		{E88BE0F4-1534-45CF-A0ED-F3F3470D8B3A}.Ad-Hoc|iPhoneSimulator.Build.0 = Release|Any CPU
		{E88BE0F4-1534-45CF-A0ED-F3F3470D8B3A}.Ad-Hoc|x64.ActiveCfg = Release|Any CPU
		{E88BE0F4-1534-45CF-A0ED-F3F3470D8B3A}.Ad-Hoc|x64.Build.0 = Release|Any CPU
		{E88BE0F4-1534-45CF-A0ED-F3F3470D8B3A}.Ad-Hoc|x86.ActiveCfg = Release|Any CPU
		{E88BE0F4-1534-45CF-A0ED-F3F3470D8B3A}.Ad-Hoc|x86.Build.0 = Release|Any CPU
		{E88BE0F4-1534-45CF-A0ED-F3F3470D8B3A}.AppStore|Any CPU.ActiveCfg = Release|Any CPU
		{E88BE0F4-1534-45CF-A0ED-F3F3470D8B3A}.AppStore|Any CPU.Build.0 = Release|Any CPU
		{E88BE0F4-1534-45CF-A0ED-F3F3470D8B3A}.AppStore|ARM.ActiveCfg = Release|Any CPU
		{E88BE0F4-1534-45CF-A0ED-F3F3470D8B3A}.AppStore|ARM.Build.0 = Release|Any CPU
		{E88BE0F4-1534-45CF-A0ED-F3F3470D8B3A}.AppStore|iPhone.ActiveCfg = Release|Any CPU
		{E88BE0F4-1534-45CF-A0ED-F3F3470D8B3A}.AppStore|iPhone.Build.0 = Release|Any CPU
		{E88BE0F4-1534-45CF-A0ED-F3F3470D8B3A}.AppStore|iPhoneSimulator.ActiveCfg = Release|Any CPU
		{E88BE0F4-1534-45CF-A0ED-F3F3470D8B3A}.AppStore|iPhoneSimulator.Build.0 = Release|Any CPU
		{E88BE0F4-1534-45CF-A0ED-F3F3470D8B3A}.AppStore|x64.ActiveCfg = Release|Any CPU
		{E88BE0F4-1534-45CF-A0ED-F3F3470D8B3A}.AppStore|x64.Build.0 = Release|Any CPU
		{E88BE0F4-1534-45CF-A0ED-F3F3470D8B3A}.AppStore|x86.ActiveCfg = Release|Any CPU
		{E88BE0F4-1534-45CF-A0ED-F3F3470D8B3A}.AppStore|x86.Build.0 = Release|Any CPU
		{E88BE0F4-1534-45CF-A0ED-F3F3470D8B3A}.Debug|Any CPU.ActiveCfg = Debug|Any CPU
		{E88BE0F4-1534-45CF-A0ED-F3F3470D8B3A}.Debug|Any CPU.Build.0 = Debug|Any CPU
		{E88BE0F4-1534-45CF-A0ED-F3F3470D8B3A}.Debug|ARM.ActiveCfg = Debug|Any CPU
		{E88BE0F4-1534-45CF-A0ED-F3F3470D8B3A}.Debug|ARM.Build.0 = Debug|Any CPU
		{E88BE0F4-1534-45CF-A0ED-F3F3470D8B3A}.Debug|iPhone.ActiveCfg = Debug|Any CPU
		{E88BE0F4-1534-45CF-A0ED-F3F3470D8B3A}.Debug|iPhone.Build.0 = Debug|Any CPU
		{E88BE0F4-1534-45CF-A0ED-F3F3470D8B3A}.Debug|iPhoneSimulator.ActiveCfg = Debug|Any CPU
		{E88BE0F4-1534-45CF-A0ED-F3F3470D8B3A}.Debug|iPhoneSimulator.Build.0 = Debug|Any CPU
		{E88BE0F4-1534-45CF-A0ED-F3F3470D8B3A}.Debug|x64.ActiveCfg = Debug|Any CPU
		{E88BE0F4-1534-45CF-A0ED-F3F3470D8B3A}.Debug|x64.Build.0 = Debug|Any CPU
		{E88BE0F4-1534-45CF-A0ED-F3F3470D8B3A}.Debug|x86.ActiveCfg = Debug|Any CPU
		{E88BE0F4-1534-45CF-A0ED-F3F3470D8B3A}.Debug|x86.Build.0 = Debug|Any CPU
		{E88BE0F4-1534-45CF-A0ED-F3F3470D8B3A}.Release|Any CPU.ActiveCfg = Release|Any CPU
		{E88BE0F4-1534-45CF-A0ED-F3F3470D8B3A}.Release|Any CPU.Build.0 = Release|Any CPU
		{E88BE0F4-1534-45CF-A0ED-F3F3470D8B3A}.Release|ARM.ActiveCfg = Release|Any CPU
		{E88BE0F4-1534-45CF-A0ED-F3F3470D8B3A}.Release|ARM.Build.0 = Release|Any CPU
		{E88BE0F4-1534-45CF-A0ED-F3F3470D8B3A}.Release|iPhone.ActiveCfg = Release|Any CPU
		{E88BE0F4-1534-45CF-A0ED-F3F3470D8B3A}.Release|iPhone.Build.0 = Release|Any CPU
		{E88BE0F4-1534-45CF-A0ED-F3F3470D8B3A}.Release|iPhoneSimulator.ActiveCfg = Release|Any CPU
		{E88BE0F4-1534-45CF-A0ED-F3F3470D8B3A}.Release|iPhoneSimulator.Build.0 = Release|Any CPU
		{E88BE0F4-1534-45CF-A0ED-F3F3470D8B3A}.Release|x64.ActiveCfg = Release|Any CPU
		{E88BE0F4-1534-45CF-A0ED-F3F3470D8B3A}.Release|x64.Build.0 = Release|Any CPU
		{E88BE0F4-1534-45CF-A0ED-F3F3470D8B3A}.Release|x86.ActiveCfg = Release|Any CPU
		{E88BE0F4-1534-45CF-A0ED-F3F3470D8B3A}.Release|x86.Build.0 = Release|Any CPU
		{9B476322-B4DA-48BE-A41B-3B71367680B0}.Ad-Hoc|Any CPU.ActiveCfg = Release|x86
		{9B476322-B4DA-48BE-A41B-3B71367680B0}.Ad-Hoc|Any CPU.Build.0 = Release|x86
		{9B476322-B4DA-48BE-A41B-3B71367680B0}.Ad-Hoc|Any CPU.Deploy.0 = Release|x86
		{9B476322-B4DA-48BE-A41B-3B71367680B0}.Ad-Hoc|ARM.ActiveCfg = Release|ARM
		{9B476322-B4DA-48BE-A41B-3B71367680B0}.Ad-Hoc|ARM.Build.0 = Release|ARM
		{9B476322-B4DA-48BE-A41B-3B71367680B0}.Ad-Hoc|ARM.Deploy.0 = Release|ARM
		{9B476322-B4DA-48BE-A41B-3B71367680B0}.Ad-Hoc|iPhone.ActiveCfg = Release|x86
		{9B476322-B4DA-48BE-A41B-3B71367680B0}.Ad-Hoc|iPhone.Build.0 = Release|x86
		{9B476322-B4DA-48BE-A41B-3B71367680B0}.Ad-Hoc|iPhone.Deploy.0 = Release|x86
		{9B476322-B4DA-48BE-A41B-3B71367680B0}.Ad-Hoc|iPhoneSimulator.ActiveCfg = Release|x86
		{9B476322-B4DA-48BE-A41B-3B71367680B0}.Ad-Hoc|iPhoneSimulator.Build.0 = Release|x86
		{9B476322-B4DA-48BE-A41B-3B71367680B0}.Ad-Hoc|iPhoneSimulator.Deploy.0 = Release|x86
		{9B476322-B4DA-48BE-A41B-3B71367680B0}.Ad-Hoc|x64.ActiveCfg = Release|x64
		{9B476322-B4DA-48BE-A41B-3B71367680B0}.Ad-Hoc|x64.Build.0 = Release|x64
		{9B476322-B4DA-48BE-A41B-3B71367680B0}.Ad-Hoc|x64.Deploy.0 = Release|x64
		{9B476322-B4DA-48BE-A41B-3B71367680B0}.Ad-Hoc|x86.ActiveCfg = Release|x86
		{9B476322-B4DA-48BE-A41B-3B71367680B0}.Ad-Hoc|x86.Build.0 = Release|x86
		{9B476322-B4DA-48BE-A41B-3B71367680B0}.Ad-Hoc|x86.Deploy.0 = Release|x86
		{9B476322-B4DA-48BE-A41B-3B71367680B0}.AppStore|Any CPU.ActiveCfg = Release|x86
		{9B476322-B4DA-48BE-A41B-3B71367680B0}.AppStore|Any CPU.Build.0 = Release|x86
		{9B476322-B4DA-48BE-A41B-3B71367680B0}.AppStore|Any CPU.Deploy.0 = Release|x86
		{9B476322-B4DA-48BE-A41B-3B71367680B0}.AppStore|ARM.ActiveCfg = Release|ARM
		{9B476322-B4DA-48BE-A41B-3B71367680B0}.AppStore|ARM.Build.0 = Release|ARM
		{9B476322-B4DA-48BE-A41B-3B71367680B0}.AppStore|ARM.Deploy.0 = Release|ARM
		{9B476322-B4DA-48BE-A41B-3B71367680B0}.AppStore|iPhone.ActiveCfg = Release|x86
		{9B476322-B4DA-48BE-A41B-3B71367680B0}.AppStore|iPhone.Build.0 = Release|x86
		{9B476322-B4DA-48BE-A41B-3B71367680B0}.AppStore|iPhone.Deploy.0 = Release|x86
		{9B476322-B4DA-48BE-A41B-3B71367680B0}.AppStore|iPhoneSimulator.ActiveCfg = Release|x86
		{9B476322-B4DA-48BE-A41B-3B71367680B0}.AppStore|iPhoneSimulator.Build.0 = Release|x86
		{9B476322-B4DA-48BE-A41B-3B71367680B0}.AppStore|iPhoneSimulator.Deploy.0 = Release|x86
		{9B476322-B4DA-48BE-A41B-3B71367680B0}.AppStore|x64.ActiveCfg = Release|x64
		{9B476322-B4DA-48BE-A41B-3B71367680B0}.AppStore|x64.Build.0 = Release|x64
		{9B476322-B4DA-48BE-A41B-3B71367680B0}.AppStore|x64.Deploy.0 = Release|x64
		{9B476322-B4DA-48BE-A41B-3B71367680B0}.AppStore|x86.ActiveCfg = Release|x86
		{9B476322-B4DA-48BE-A41B-3B71367680B0}.AppStore|x86.Build.0 = Release|x86
		{9B476322-B4DA-48BE-A41B-3B71367680B0}.AppStore|x86.Deploy.0 = Release|x86
		{9B476322-B4DA-48BE-A41B-3B71367680B0}.Debug|Any CPU.ActiveCfg = Debug|x86
		{9B476322-B4DA-48BE-A41B-3B71367680B0}.Debug|Any CPU.Build.0 = Debug|x86
		{9B476322-B4DA-48BE-A41B-3B71367680B0}.Debug|Any CPU.Deploy.0 = Debug|x86
		{9B476322-B4DA-48BE-A41B-3B71367680B0}.Debug|ARM.ActiveCfg = Debug|ARM
		{9B476322-B4DA-48BE-A41B-3B71367680B0}.Debug|ARM.Build.0 = Debug|ARM
		{9B476322-B4DA-48BE-A41B-3B71367680B0}.Debug|ARM.Deploy.0 = Debug|ARM
		{9B476322-B4DA-48BE-A41B-3B71367680B0}.Debug|iPhone.ActiveCfg = Debug|x86
		{9B476322-B4DA-48BE-A41B-3B71367680B0}.Debug|iPhoneSimulator.ActiveCfg = Debug|x86
		{9B476322-B4DA-48BE-A41B-3B71367680B0}.Debug|x64.ActiveCfg = Debug|x64
		{9B476322-B4DA-48BE-A41B-3B71367680B0}.Debug|x64.Build.0 = Debug|x64
		{9B476322-B4DA-48BE-A41B-3B71367680B0}.Debug|x64.Deploy.0 = Debug|x64
		{9B476322-B4DA-48BE-A41B-3B71367680B0}.Debug|x86.ActiveCfg = Debug|x86
		{9B476322-B4DA-48BE-A41B-3B71367680B0}.Debug|x86.Build.0 = Debug|x86
		{9B476322-B4DA-48BE-A41B-3B71367680B0}.Debug|x86.Deploy.0 = Debug|x86
		{9B476322-B4DA-48BE-A41B-3B71367680B0}.Release|Any CPU.ActiveCfg = Release|x86
		{9B476322-B4DA-48BE-A41B-3B71367680B0}.Release|Any CPU.Build.0 = Release|x86
		{9B476322-B4DA-48BE-A41B-3B71367680B0}.Release|Any CPU.Deploy.0 = Release|x86
		{9B476322-B4DA-48BE-A41B-3B71367680B0}.Release|ARM.ActiveCfg = Release|ARM
		{9B476322-B4DA-48BE-A41B-3B71367680B0}.Release|ARM.Build.0 = Release|ARM
		{9B476322-B4DA-48BE-A41B-3B71367680B0}.Release|ARM.Deploy.0 = Release|ARM
		{9B476322-B4DA-48BE-A41B-3B71367680B0}.Release|iPhone.ActiveCfg = Release|x86
		{9B476322-B4DA-48BE-A41B-3B71367680B0}.Release|iPhoneSimulator.ActiveCfg = Release|x86
		{9B476322-B4DA-48BE-A41B-3B71367680B0}.Release|x64.ActiveCfg = Release|x64
		{9B476322-B4DA-48BE-A41B-3B71367680B0}.Release|x64.Build.0 = Release|x64
		{9B476322-B4DA-48BE-A41B-3B71367680B0}.Release|x64.Deploy.0 = Release|x64
		{9B476322-B4DA-48BE-A41B-3B71367680B0}.Release|x86.ActiveCfg = Release|x86
		{9B476322-B4DA-48BE-A41B-3B71367680B0}.Release|x86.Build.0 = Release|x86
		{9B476322-B4DA-48BE-A41B-3B71367680B0}.Release|x86.Deploy.0 = Release|x86
		{E1B0D478-4032-415F-811D-C247CBD60CC5}.Ad-Hoc|Any CPU.ActiveCfg = Ad-Hoc|iPhone
		{E1B0D478-4032-415F-811D-C247CBD60CC5}.Ad-Hoc|ARM.ActiveCfg = Ad-Hoc|iPhone
		{E1B0D478-4032-415F-811D-C247CBD60CC5}.Ad-Hoc|iPhone.ActiveCfg = Ad-Hoc|iPhone
		{E1B0D478-4032-415F-811D-C247CBD60CC5}.Ad-Hoc|iPhone.Build.0 = Ad-Hoc|iPhone
		{E1B0D478-4032-415F-811D-C247CBD60CC5}.Ad-Hoc|iPhoneSimulator.ActiveCfg = Ad-Hoc|iPhoneSimulator
		{E1B0D478-4032-415F-811D-C247CBD60CC5}.Ad-Hoc|iPhoneSimulator.Build.0 = Ad-Hoc|iPhoneSimulator
		{E1B0D478-4032-415F-811D-C247CBD60CC5}.Ad-Hoc|x64.ActiveCfg = Ad-Hoc|iPhone
		{E1B0D478-4032-415F-811D-C247CBD60CC5}.Ad-Hoc|x86.ActiveCfg = Ad-Hoc|iPhone
		{E1B0D478-4032-415F-811D-C247CBD60CC5}.AppStore|Any CPU.ActiveCfg = AppStore|iPhone
		{E1B0D478-4032-415F-811D-C247CBD60CC5}.AppStore|ARM.ActiveCfg = AppStore|iPhone
		{E1B0D478-4032-415F-811D-C247CBD60CC5}.AppStore|iPhone.ActiveCfg = AppStore|iPhone
		{E1B0D478-4032-415F-811D-C247CBD60CC5}.AppStore|iPhone.Build.0 = AppStore|iPhone
		{E1B0D478-4032-415F-811D-C247CBD60CC5}.AppStore|iPhoneSimulator.ActiveCfg = AppStore|iPhoneSimulator
		{E1B0D478-4032-415F-811D-C247CBD60CC5}.AppStore|iPhoneSimulator.Build.0 = AppStore|iPhoneSimulator
		{E1B0D478-4032-415F-811D-C247CBD60CC5}.AppStore|x64.ActiveCfg = AppStore|iPhone
		{E1B0D478-4032-415F-811D-C247CBD60CC5}.AppStore|x86.ActiveCfg = AppStore|iPhone
		{E1B0D478-4032-415F-811D-C247CBD60CC5}.Debug|Any CPU.ActiveCfg = Debug|iPhone
		{E1B0D478-4032-415F-811D-C247CBD60CC5}.Debug|ARM.ActiveCfg = Debug|iPhone
		{E1B0D478-4032-415F-811D-C247CBD60CC5}.Debug|iPhone.ActiveCfg = Debug|iPhone
		{E1B0D478-4032-415F-811D-C247CBD60CC5}.Debug|iPhone.Build.0 = Debug|iPhone
		{E1B0D478-4032-415F-811D-C247CBD60CC5}.Debug|iPhoneSimulator.ActiveCfg = Debug|iPhoneSimulator
		{E1B0D478-4032-415F-811D-C247CBD60CC5}.Debug|iPhoneSimulator.Build.0 = Debug|iPhoneSimulator
		{E1B0D478-4032-415F-811D-C247CBD60CC5}.Debug|x64.ActiveCfg = Debug|iPhone
		{E1B0D478-4032-415F-811D-C247CBD60CC5}.Debug|x86.ActiveCfg = Debug|iPhone
		{E1B0D478-4032-415F-811D-C247CBD60CC5}.Release|Any CPU.ActiveCfg = Release|iPhone
		{E1B0D478-4032-415F-811D-C247CBD60CC5}.Release|ARM.ActiveCfg = Release|iPhone
		{E1B0D478-4032-415F-811D-C247CBD60CC5}.Release|iPhone.ActiveCfg = Release|iPhone
		{E1B0D478-4032-415F-811D-C247CBD60CC5}.Release|iPhone.Build.0 = Release|iPhone
		{E1B0D478-4032-415F-811D-C247CBD60CC5}.Release|iPhoneSimulator.ActiveCfg = Release|iPhoneSimulator
		{E1B0D478-4032-415F-811D-C247CBD60CC5}.Release|iPhoneSimulator.Build.0 = Release|iPhoneSimulator
		{E1B0D478-4032-415F-811D-C247CBD60CC5}.Release|x64.ActiveCfg = Release|iPhone
		{E1B0D478-4032-415F-811D-C247CBD60CC5}.Release|x86.ActiveCfg = Release|iPhone
	EndGlobalSection
	GlobalSection(SolutionProperties) = preSolution
		HideSolutionNode = FALSE
	EndGlobalSection
EndGlobal
